
Microsoft Visual Studio Solution File, Format Version 12.00
# Visual Studio Version 16
VisualStudioVersion = 16.0.30413.136
MinimumVisualStudioVersion = 10.0.40219.1
Project("{FAE04EC0-301F-11D3-BF4B-00C04F79EFBC}") = "WU_DEREK_HW4", "WU_DEREK_HW4\WU_DEREK_HW4.csproj", "{740FBBE9-C567-4A60-9869-3F8EC3D8323C}"
EndProject
Global
	GlobalSection(SolutionConfigurationPlatforms) = preSolution
		Debug|Any CPU = Debug|Any CPU
		Release|Any CPU = Release|Any CPU
	EndGlobalSection
	GlobalSection(ProjectConfigurationPlatforms) = postSolution
		{740FBBE9-C567-4A60-9869-3F8EC3D8323C}.Debug|Any CPU.ActiveCfg = Debug|Any CPU
		{740FBBE9-C567-4A60-9869-3F8EC3D8323C}.Debug|Any CPU.Build.0 = Debug|Any CPU
		{740FBBE9-C567-4A60-9869-3F8EC3D8323C}.Release|Any CPU.ActiveCfg = Release|Any CPU
		{740FBBE9-C567-4A60-9869-3F8EC3D8323C}.Release|Any CPU.Build.0 = Release|Any CPU
	EndGlobalSection
	GlobalSection(SolutionProperties) = preSolution
		HideSolutionNode = FALSE
	EndGlobalSection
	GlobalSection(ExtensibilityGlobals) = postSolution
		SolutionGuid = {7F504A52-611A-455E-A56A-E06DFDD77B0E}
	EndGlobalSection
EndGlobal
