
Microsoft Visual Studio Solution File, Format Version 12.00
# Visual Studio Version 16
VisualStudioVersion = 16.0.30413.136
MinimumVisualStudioVersion = 10.0.40219.1
Project("{FAE04EC0-301F-11D3-BF4B-00C04F79EFBC}") = "WU_DEREK_HW3", "WU_DEREK_HW3\WU_DEREK_HW3.csproj", "{CEB41924-3F5B-4F13-89BD-3D34D6D51649}"
EndProject
Global
	GlobalSection(SolutionConfigurationPlatforms) = preSolution
		Debug|Any CPU = Debug|Any CPU
		Release|Any CPU = Release|Any CPU
	EndGlobalSection
	GlobalSection(ProjectConfigurationPlatforms) = postSolution
		{CEB41924-3F5B-4F13-89BD-3D34D6D51649}.Debug|Any CPU.ActiveCfg = Debug|Any CPU
		{CEB41924-3F5B-4F13-89BD-3D34D6D51649}.Debug|Any CPU.Build.0 = Debug|Any CPU
		{CEB41924-3F5B-4F13-89BD-3D34D6D51649}.Release|Any CPU.ActiveCfg = Release|Any CPU
		{CEB41924-3F5B-4F13-89BD-3D34D6D51649}.Release|Any CPU.Build.0 = Release|Any CPU
	EndGlobalSection
	GlobalSection(SolutionProperties) = preSolution
		HideSolutionNode = FALSE
	EndGlobalSection
	GlobalSection(ExtensibilityGlobals) = postSolution
		SolutionGuid = {81139CF0-9EC6-4D85-BACE-AE8BBB9D7F93}
	EndGlobalSection
EndGlobal
