
Microsoft Visual Studio Solution File, Format Version 12.00
# Visual Studio Version 16
VisualStudioVersion = 16.0.30413.136
MinimumVisualStudioVersion = 10.0.40219.1
Project("{FAE04EC0-301F-11D3-BF4B-00C04F79EFBC}") = "WU_DEREK_HW2", "WU_DEREK_HW2\WU_DEREK_HW2.csproj", "{F073EAF5-A4FD-49FF-866E-03C7226FA08B}"
EndProject
Global
	GlobalSection(SolutionConfigurationPlatforms) = preSolution
		Debug|Any CPU = Debug|Any CPU
		Release|Any CPU = Release|Any CPU
	EndGlobalSection
	GlobalSection(ProjectConfigurationPlatforms) = postSolution
		{F073EAF5-A4FD-49FF-866E-03C7226FA08B}.Debug|Any CPU.ActiveCfg = Debug|Any CPU
		{F073EAF5-A4FD-49FF-866E-03C7226FA08B}.Debug|Any CPU.Build.0 = Debug|Any CPU
		{F073EAF5-A4FD-49FF-866E-03C7226FA08B}.Release|Any CPU.ActiveCfg = Release|Any CPU
		{F073EAF5-A4FD-49FF-866E-03C7226FA08B}.Release|Any CPU.Build.0 = Release|Any CPU
	EndGlobalSection
	GlobalSection(SolutionProperties) = preSolution
		HideSolutionNode = FALSE
	EndGlobalSection
	GlobalSection(ExtensibilityGlobals) = postSolution
		SolutionGuid = {2571FF96-A347-4ECB-B953-FFA1EBF71475}
	EndGlobalSection
EndGlobal
