
Microsoft Visual Studio Solution File, Format Version 12.00
# Visual Studio Version 16
VisualStudioVersion = 16.0.30413.136
MinimumVisualStudioVersion = 10.0.40219.1
Project("{FAE04EC0-301F-11D3-BF4B-00C04F79EFBC}") = "WU_DEREK_HW1", "WU_DEREK_HW1\WU_DEREK_HW1.csproj", "{181FD69C-747A-407E-B061-E6593A4BB3E3}"
EndProject
Global
	GlobalSection(SolutionConfigurationPlatforms) = preSolution
		Debug|Any CPU = Debug|Any CPU
		Release|Any CPU = Release|Any CPU
	EndGlobalSection
	GlobalSection(ProjectConfigurationPlatforms) = postSolution
		{181FD69C-747A-407E-B061-E6593A4BB3E3}.Debug|Any CPU.ActiveCfg = Debug|Any CPU
		{181FD69C-747A-407E-B061-E6593A4BB3E3}.Debug|Any CPU.Build.0 = Debug|Any CPU
		{181FD69C-747A-407E-B061-E6593A4BB3E3}.Release|Any CPU.ActiveCfg = Release|Any CPU
		{181FD69C-747A-407E-B061-E6593A4BB3E3}.Release|Any CPU.Build.0 = Release|Any CPU
	EndGlobalSection
	GlobalSection(SolutionProperties) = preSolution
		HideSolutionNode = FALSE
	EndGlobalSection
	GlobalSection(ExtensibilityGlobals) = postSolution
		SolutionGuid = {0EFFE22A-FFF2-43E8-AD77-9CE33562F43A}
	EndGlobalSection
EndGlobal
